// !$*UTF8*$!
{
	archiveVersion = 1;
	classes = {
	};
	objectVersion = 51;
	objects = {

/* Begin PBXBuildFile section */
		1A064DBF252DF52900C9F23D /* LoginViewModel.swift in Sources */ = {isa = PBXBuildFile; fileRef = 1A064DBE252DF52900C9F23D /* LoginViewModel.swift */; };
		1A064DC6252DFB5300C9F23D /* ImageMainViewPager.swift in Sources */ = {isa = PBXBuildFile; fileRef = 1A064DC5252DFB5300C9F23D /* ImageMainViewPager.swift */; };
		1A064E3F2530AB0100C9F23D /* GoogleService-Info.plist in Resources */ = {isa = PBXBuildFile; fileRef = 1A064E3E2530AB0000C9F23D /* GoogleService-Info.plist */; };
		1A064EC02530FF4100C9F23D /* Constants.swift in Sources */ = {isa = PBXBuildFile; fileRef = 1A064EBF2530FF4100C9F23D /* Constants.swift */; };
		1A064EC52531137A00C9F23D /* BaseViewModel.swift in Sources */ = {isa = PBXBuildFile; fileRef = 1A064EC42531137A00C9F23D /* BaseViewModel.swift */; };
		1A064F462531359900C9F23D /* LikeImages.swift in Sources */ = {isa = PBXBuildFile; fileRef = 1A064F452531359900C9F23D /* LikeImages.swift */; };
		1A064F4B2531360900C9F23D /* LikeImagesViewModel.swift in Sources */ = {isa = PBXBuildFile; fileRef = 1A064F4A2531360900C9F23D /* LikeImagesViewModel.swift */; };
		1A064F772531B23B00C9F23D /* LikeImagesCell.swift in Sources */ = {isa = PBXBuildFile; fileRef = 1A064F762531B23B00C9F23D /* LikeImagesCell.swift */; };
		1A064F7F2531B74300C9F23D /* HttpRouter.swift in Sources */ = {isa = PBXBuildFile; fileRef = 1A064F7E2531B74300C9F23D /* HttpRouter.swift */; };
		1A064F842531B9AB00C9F23D /* HttpClient.swift in Sources */ = {isa = PBXBuildFile; fileRef = 1A064F832531B9AB00C9F23D /* HttpClient.swift */; };
		1A0650602531F24700C9F23D /* SwipeVCViewController.swift in Sources */ = {isa = PBXBuildFile; fileRef = 1A06505E2531F24700C9F23D /* SwipeVCViewController.swift */; };
		1A0650612531F24700C9F23D /* SwipeVCViewController.xib in Resources */ = {isa = PBXBuildFile; fileRef = 1A06505F2531F24700C9F23D /* SwipeVCViewController.xib */; };
		1A0650F325320A5500C9F23D /* LikeImagesCell.xib in Resources */ = {isa = PBXBuildFile; fileRef = 1A0650F225320A5500C9F23D /* LikeImagesCell.xib */; };
		1A06510125320C6000C9F23D /* LikeViewController.swift in Sources */ = {isa = PBXBuildFile; fileRef = 1A0650FF25320C6000C9F23D /* LikeViewController.swift */; };
		1A06510225320C6000C9F23D /* LikeViewController.xib in Resources */ = {isa = PBXBuildFile; fileRef = 1A06510025320C6000C9F23D /* LikeViewController.xib */; };
		1A583679252CCCE800CB275F /* AppDelegate.swift in Sources */ = {isa = PBXBuildFile; fileRef = 1A583678252CCCE800CB275F /* AppDelegate.swift */; };
		1A58367B252CCCE800CB275F /* SceneDelegate.swift in Sources */ = {isa = PBXBuildFile; fileRef = 1A58367A252CCCE800CB275F /* SceneDelegate.swift */; };
		1A58367D252CCCE800CB275F /* ViewController.swift in Sources */ = {isa = PBXBuildFile; fileRef = 1A58367C252CCCE800CB275F /* ViewController.swift */; };
		1A583680252CCCE800CB275F /* Main.storyboard in Resources */ = {isa = PBXBuildFile; fileRef = 1A58367E252CCCE800CB275F /* Main.storyboard */; };
		1A583682252CCCE900CB275F /* Assets.xcassets in Resources */ = {isa = PBXBuildFile; fileRef = 1A583681252CCCE900CB275F /* Assets.xcassets */; };
		1A583685252CCCE900CB275F /* LaunchScreen.storyboard in Resources */ = {isa = PBXBuildFile; fileRef = 1A583683252CCCE900CB275F /* LaunchScreen.storyboard */; };
		1A583690252CCCE900CB275F /* ImageAppUnsplashTests.swift in Sources */ = {isa = PBXBuildFile; fileRef = 1A58368F252CCCE900CB275F /* ImageAppUnsplashTests.swift */; };
		1A58369B252CCCE900CB275F /* ImageAppUnsplashUITests.swift in Sources */ = {isa = PBXBuildFile; fileRef = 1A58369A252CCCE900CB275F /* ImageAppUnsplashUITests.swift */; };
		1A5836B3252CD0A900CB275F /* ImagesModel.swift in Sources */ = {isa = PBXBuildFile; fileRef = 1A5836B2252CD0A900CB275F /* ImagesModel.swift */; };
		1A5836B8252CD0DB00CB275F /* ImageViewModel.swift in Sources */ = {isa = PBXBuildFile; fileRef = 1A5836B7252CD0DB00CB275F /* ImageViewModel.swift */; };
		2D641FFBAF27E4442A6C770D /* libPods-ImageAppUnsplashTests.a in Frameworks */ = {isa = PBXBuildFile; fileRef = E9E15B51817263DEB4EAD190 /* libPods-ImageAppUnsplashTests.a */; };
		D5E0A26BDD6D542A861489C5 /* Pods_ImageAppUnsplash.framework in Frameworks */ = {isa = PBXBuildFile; fileRef = 336768726C6EAEA985BBB0BF /* Pods_ImageAppUnsplash.framework */; };
/* End PBXBuildFile section */

/* Begin PBXContainerItemProxy section */
		1A58368C252CCCE900CB275F /* PBXContainerItemProxy */ = {
			isa = PBXContainerItemProxy;
			containerPortal = 1A58366D252CCCE800CB275F /* Project object */;
			proxyType = 1;
			remoteGlobalIDString = 1A583674252CCCE800CB275F;
			remoteInfo = ImageAppUnsplash;
		};
		1A583697252CCCE900CB275F /* PBXContainerItemProxy */ = {
			isa = PBXContainerItemProxy;
			containerPortal = 1A58366D252CCCE800CB275F /* Project object */;
			proxyType = 1;
			remoteGlobalIDString = 1A583674252CCCE800CB275F;
			remoteInfo = ImageAppUnsplash;
		};
/* End PBXContainerItemProxy section */

/* Begin PBXFileReference section */
		1A064DBE252DF52900C9F23D /* LoginViewModel.swift */ = {isa = PBXFileReference; lastKnownFileType = sourcecode.swift; path = LoginViewModel.swift; sourceTree = "<group>"; };
		1A064DC5252DFB5300C9F23D /* ImageMainViewPager.swift */ = {isa = PBXFileReference; lastKnownFileType = sourcecode.swift; path = ImageMainViewPager.swift; sourceTree = "<group>"; };
		1A064E3E2530AB0000C9F23D /* GoogleService-Info.plist */ = {isa = PBXFileReference; fileEncoding = 4; lastKnownFileType = text.plist.xml; path = "GoogleService-Info.plist"; sourceTree = "<group>"; };
		1A064EBF2530FF4100C9F23D /* Constants.swift */ = {isa = PBXFileReference; fileEncoding = 4; lastKnownFileType = sourcecode.swift; path = Constants.swift; sourceTree = "<group>"; };
		1A064EC42531137A00C9F23D /* BaseViewModel.swift */ = {isa = PBXFileReference; lastKnownFileType = sourcecode.swift; path = BaseViewModel.swift; sourceTree = "<group>"; };
		1A064F452531359900C9F23D /* LikeImages.swift */ = {isa = PBXFileReference; lastKnownFileType = sourcecode.swift; path = LikeImages.swift; sourceTree = "<group>"; };
		1A064F4A2531360900C9F23D /* LikeImagesViewModel.swift */ = {isa = PBXFileReference; lastKnownFileType = sourcecode.swift; path = LikeImagesViewModel.swift; sourceTree = "<group>"; };
		1A064F762531B23B00C9F23D /* LikeImagesCell.swift */ = {isa = PBXFileReference; lastKnownFileType = sourcecode.swift; path = LikeImagesCell.swift; sourceTree = "<group>"; };
		1A064F7E2531B74300C9F23D /* HttpRouter.swift */ = {isa = PBXFileReference; lastKnownFileType = sourcecode.swift; path = HttpRouter.swift; sourceTree = "<group>"; };
		1A064F832531B9AB00C9F23D /* HttpClient.swift */ = {isa = PBXFileReference; lastKnownFileType = sourcecode.swift; path = HttpClient.swift; sourceTree = "<group>"; };
		1A06505E2531F24700C9F23D /* SwipeVCViewController.swift */ = {isa = PBXFileReference; lastKnownFileType = sourcecode.swift; path = SwipeVCViewController.swift; sourceTree = "<group>"; };
		1A06505F2531F24700C9F23D /* SwipeVCViewController.xib */ = {isa = PBXFileReference; lastKnownFileType = file.xib; path = SwipeVCViewController.xib; sourceTree = "<group>"; };
		1A0650F225320A5500C9F23D /* LikeImagesCell.xib */ = {isa = PBXFileReference; lastKnownFileType = file.xib; path = LikeImagesCell.xib; sourceTree = "<group>"; };
		1A0650FF25320C6000C9F23D /* LikeViewController.swift */ = {isa = PBXFileReference; lastKnownFileType = sourcecode.swift; path = LikeViewController.swift; sourceTree = "<group>"; };
		1A06510025320C6000C9F23D /* LikeViewController.xib */ = {isa = PBXFileReference; lastKnownFileType = file.xib; path = LikeViewController.xib; sourceTree = "<group>"; };
		1A583675252CCCE800CB275F /* ImageAppUnsplash.app */ = {isa = PBXFileReference; explicitFileType = wrapper.application; includeInIndex = 0; path = ImageAppUnsplash.app; sourceTree = BUILT_PRODUCTS_DIR; };
		1A583678252CCCE800CB275F /* AppDelegate.swift */ = {isa = PBXFileReference; lastKnownFileType = sourcecode.swift; path = AppDelegate.swift; sourceTree = "<group>"; };
		1A58367A252CCCE800CB275F /* SceneDelegate.swift */ = {isa = PBXFileReference; lastKnownFileType = sourcecode.swift; path = SceneDelegate.swift; sourceTree = "<group>"; };
		1A58367C252CCCE800CB275F /* ViewController.swift */ = {isa = PBXFileReference; lastKnownFileType = sourcecode.swift; path = ViewController.swift; sourceTree = "<group>"; };
		1A58367F252CCCE800CB275F /* Base */ = {isa = PBXFileReference; lastKnownFileType = file.storyboard; name = Base; path = Base.lproj/Main.storyboard; sourceTree = "<group>"; };
		1A583681252CCCE900CB275F /* Assets.xcassets */ = {isa = PBXFileReference; lastKnownFileType = folder.assetcatalog; path = Assets.xcassets; sourceTree = "<group>"; };
		1A583684252CCCE900CB275F /* Base */ = {isa = PBXFileReference; lastKnownFileType = file.storyboard; name = Base; path = Base.lproj/LaunchScreen.storyboard; sourceTree = "<group>"; };
		1A583686252CCCE900CB275F /* Info.plist */ = {isa = PBXFileReference; lastKnownFileType = text.plist.xml; path = Info.plist; sourceTree = "<group>"; };
		1A58368B252CCCE900CB275F /* ImageAppUnsplashTests.xctest */ = {isa = PBXFileReference; explicitFileType = wrapper.cfbundle; includeInIndex = 0; path = ImageAppUnsplashTests.xctest; sourceTree = BUILT_PRODUCTS_DIR; };
		1A58368F252CCCE900CB275F /* ImageAppUnsplashTests.swift */ = {isa = PBXFileReference; lastKnownFileType = sourcecode.swift; path = ImageAppUnsplashTests.swift; sourceTree = "<group>"; };
		1A583691252CCCE900CB275F /* Info.plist */ = {isa = PBXFileReference; lastKnownFileType = text.plist.xml; path = Info.plist; sourceTree = "<group>"; };
		1A583696252CCCE900CB275F /* ImageAppUnsplashUITests.xctest */ = {isa = PBXFileReference; explicitFileType = wrapper.cfbundle; includeInIndex = 0; path = ImageAppUnsplashUITests.xctest; sourceTree = BUILT_PRODUCTS_DIR; };
		1A58369A252CCCE900CB275F /* ImageAppUnsplashUITests.swift */ = {isa = PBXFileReference; lastKnownFileType = sourcecode.swift; path = ImageAppUnsplashUITests.swift; sourceTree = "<group>"; };
		1A58369C252CCCE900CB275F /* Info.plist */ = {isa = PBXFileReference; lastKnownFileType = text.plist.xml; path = Info.plist; sourceTree = "<group>"; };
		1A5836B2252CD0A900CB275F /* ImagesModel.swift */ = {isa = PBXFileReference; lastKnownFileType = sourcecode.swift; path = ImagesModel.swift; sourceTree = "<group>"; };
		1A5836B7252CD0DB00CB275F /* ImageViewModel.swift */ = {isa = PBXFileReference; lastKnownFileType = sourcecode.swift; path = ImageViewModel.swift; sourceTree = "<group>"; };
		23621ABC60D5FC7FF0D0C20A /* Pods-ImageAppUnsplash-ImageAppUnsplashTests.debug.xcconfig */ = {isa = PBXFileReference; includeInIndex = 1; lastKnownFileType = text.xcconfig; name = "Pods-ImageAppUnsplash-ImageAppUnsplashTests.debug.xcconfig"; path = "Target Support Files/Pods-ImageAppUnsplash-ImageAppUnsplashTests/Pods-ImageAppUnsplash-ImageAppUnsplashTests.debug.xcconfig"; sourceTree = "<group>"; };
		336768726C6EAEA985BBB0BF /* Pods_ImageAppUnsplash.framework */ = {isa = PBXFileReference; explicitFileType = wrapper.framework; includeInIndex = 0; path = Pods_ImageAppUnsplash.framework; sourceTree = BUILT_PRODUCTS_DIR; };
		4D1E8C78F3A74C4ED0F487CD /* Pods-ImageAppUnsplash.debug.xcconfig */ = {isa = PBXFileReference; includeInIndex = 1; lastKnownFileType = text.xcconfig; name = "Pods-ImageAppUnsplash.debug.xcconfig"; path = "Target Support Files/Pods-ImageAppUnsplash/Pods-ImageAppUnsplash.debug.xcconfig"; sourceTree = "<group>"; };
		5D9EFBD738BA460DE5B4E976 /* Pods-ImageAppUnsplashTests.debug.xcconfig */ = {isa = PBXFileReference; includeInIndex = 1; lastKnownFileType = text.xcconfig; name = "Pods-ImageAppUnsplashTests.debug.xcconfig"; path = "Target Support Files/Pods-ImageAppUnsplashTests/Pods-ImageAppUnsplashTests.debug.xcconfig"; sourceTree = "<group>"; };
		60F9611B71F66B571B0D0234 /* Pods-ImageAppUnsplashTests.release.xcconfig */ = {isa = PBXFileReference; includeInIndex = 1; lastKnownFileType = text.xcconfig; name = "Pods-ImageAppUnsplashTests.release.xcconfig"; path = "Target Support Files/Pods-ImageAppUnsplashTests/Pods-ImageAppUnsplashTests.release.xcconfig"; sourceTree = "<group>"; };
		6BB97427418219D90F8EAD2A /* Pods-ImageAppUnsplash.release.xcconfig */ = {isa = PBXFileReference; includeInIndex = 1; lastKnownFileType = text.xcconfig; name = "Pods-ImageAppUnsplash.release.xcconfig"; path = "Target Support Files/Pods-ImageAppUnsplash/Pods-ImageAppUnsplash.release.xcconfig"; sourceTree = "<group>"; };
		E9E15B51817263DEB4EAD190 /* libPods-ImageAppUnsplashTests.a */ = {isa = PBXFileReference; explicitFileType = archive.ar; includeInIndex = 0; path = "libPods-ImageAppUnsplashTests.a"; sourceTree = BUILT_PRODUCTS_DIR; };
		F8B6DA5BA00AFDE20B6BDA74 /* Pods-ImageAppUnsplash-ImageAppUnsplashTests.release.xcconfig */ = {isa = PBXFileReference; includeInIndex = 1; lastKnownFileType = text.xcconfig; name = "Pods-ImageAppUnsplash-ImageAppUnsplashTests.release.xcconfig"; path = "Target Support Files/Pods-ImageAppUnsplash-ImageAppUnsplashTests/Pods-ImageAppUnsplash-ImageAppUnsplashTests.release.xcconfig"; sourceTree = "<group>"; };
/* End PBXFileReference section */

/* Begin PBXFrameworksBuildPhase section */
		1A583672252CCCE800CB275F /* Frameworks */ = {
			isa = PBXFrameworksBuildPhase;
			buildActionMask = 2147483647;
			files = (
				D5E0A26BDD6D542A861489C5 /* Pods_ImageAppUnsplash.framework in Frameworks */,
			);
			runOnlyForDeploymentPostprocessing = 0;
		};
		1A583688252CCCE900CB275F /* Frameworks */ = {
			isa = PBXFrameworksBuildPhase;
			buildActionMask = 2147483647;
			files = (
				2D641FFBAF27E4442A6C770D /* libPods-ImageAppUnsplashTests.a in Frameworks */,
			);
			runOnlyForDeploymentPostprocessing = 0;
		};
		1A583693252CCCE900CB275F /* Frameworks */ = {
			isa = PBXFrameworksBuildPhase;
			buildActionMask = 2147483647;
			files = (
			);
			runOnlyForDeploymentPostprocessing = 0;
		};
/* End PBXFrameworksBuildPhase section */

/* Begin PBXGroup section */
		1A064E1D252F79E800C9F23D /* Service */ = {
			isa = PBXGroup;
			children = (
				1A064F7E2531B74300C9F23D /* HttpRouter.swift */,
				1A064F832531B9AB00C9F23D /* HttpClient.swift */,
			);
			path = Service;
			sourceTree = "<group>";
		};
		1A064EBD2530FBCD00C9F23D /* Application */ = {
			isa = PBXGroup;
			children = (
				1A58367A252CCCE800CB275F /* SceneDelegate.swift */,
				1A583678252CCCE800CB275F /* AppDelegate.swift */,
			);
			path = Application;
			sourceTree = "<group>";
		};
		1A064EBE2530FF4100C9F23D /* Constants */ = {
			isa = PBXGroup;
			children = (
				1A064EBF2530FF4100C9F23D /* Constants.swift */,
			);
			path = Constants;
			sourceTree = "<group>";
		};
		1A064ECC2531157900C9F23D /* MainTabView */ = {
			isa = PBXGroup;
			children = (
				1A064DC5252DFB5300C9F23D /* ImageMainViewPager.swift */,
			);
			path = MainTabView;
			sourceTree = "<group>";
		};
		1A064ED02531179D00C9F23D /* StoryBoard */ = {
			isa = PBXGroup;
			children = (
				1A58367E252CCCE800CB275F /* Main.storyboard */,
			);
			path = StoryBoard;
			sourceTree = "<group>";
		};
		1A064F752531B22800C9F23D /* Cell */ = {
			isa = PBXGroup;
			children = (
				1A064F762531B23B00C9F23D /* LikeImagesCell.swift */,
				1A0650F225320A5500C9F23D /* LikeImagesCell.xib */,
			);
			path = Cell;
			sourceTree = "<group>";
		};
		1A58366C252CCCE800CB275F = {
			isa = PBXGroup;
			children = (
				1A583677252CCCE800CB275F /* ImageAppUnsplash */,
				1A58368E252CCCE900CB275F /* ImageAppUnsplashTests */,
				1A583699252CCCE900CB275F /* ImageAppUnsplashUITests */,
				1A583676252CCCE800CB275F /* Products */,
				DE5C4EEB2C2723184E980115 /* Pods */,
				20F53DEC56E3C666F8F4435B /* Frameworks */,
			);
			sourceTree = "<group>";
		};
		1A583676252CCCE800CB275F /* Products */ = {
			isa = PBXGroup;
			children = (
				1A583675252CCCE800CB275F /* ImageAppUnsplash.app */,
				1A58368B252CCCE900CB275F /* ImageAppUnsplashTests.xctest */,
				1A583696252CCCE900CB275F /* ImageAppUnsplashUITests.xctest */,
			);
			name = Products;
			sourceTree = "<group>";
		};
		1A583677252CCCE800CB275F /* ImageAppUnsplash */ = {
			isa = PBXGroup;
			children = (
				1A064EBD2530FBCD00C9F23D /* Application */,
				1A064E1D252F79E800C9F23D /* Service */,
				1A5836AE252CCD4F00CB275F /* Model */,
				1A5836B0252CCD6D00CB275F /* View */,
				1A5836AF252CCD5800CB275F /* ViewModel */,
				1A064EBE2530FF4100C9F23D /* Constants */,
				1A064ED02531179D00C9F23D /* StoryBoard */,
				1A583681252CCCE900CB275F /* Assets.xcassets */,
				1A064E3E2530AB0000C9F23D /* GoogleService-Info.plist */,
				1A583683252CCCE900CB275F /* LaunchScreen.storyboard */,
				1A583686252CCCE900CB275F /* Info.plist */,
			);
			path = ImageAppUnsplash;
			sourceTree = "<group>";
		};
		1A58368E252CCCE900CB275F /* ImageAppUnsplashTests */ = {
			isa = PBXGroup;
			children = (
				1A58368F252CCCE900CB275F /* ImageAppUnsplashTests.swift */,
				1A583691252CCCE900CB275F /* Info.plist */,
			);
			path = ImageAppUnsplashTests;
			sourceTree = "<group>";
		};
		1A583699252CCCE900CB275F /* ImageAppUnsplashUITests */ = {
			isa = PBXGroup;
			children = (
				1A58369A252CCCE900CB275F /* ImageAppUnsplashUITests.swift */,
				1A58369C252CCCE900CB275F /* Info.plist */,
			);
			path = ImageAppUnsplashUITests;
			sourceTree = "<group>";
		};
		1A5836AE252CCD4F00CB275F /* Model */ = {
			isa = PBXGroup;
			children = (
				1A5836B2252CD0A900CB275F /* ImagesModel.swift */,
				1A064F452531359900C9F23D /* LikeImages.swift */,
			);
			path = Model;
			sourceTree = "<group>";
		};
		1A5836AF252CCD5800CB275F /* ViewModel */ = {
			isa = PBXGroup;
			children = (
				1A5836B7252CD0DB00CB275F /* ImageViewModel.swift */,
				1A064DBE252DF52900C9F23D /* LoginViewModel.swift */,
				1A064EC42531137A00C9F23D /* BaseViewModel.swift */,
				1A064F4A2531360900C9F23D /* LikeImagesViewModel.swift */,
			);
			path = ViewModel;
			sourceTree = "<group>";
		};
		1A5836B0252CCD6D00CB275F /* View */ = {
			isa = PBXGroup;
			children = (
				1A064F752531B22800C9F23D /* Cell */,
				1A5836B1252CCD7800CB275F /* Controller */,
				1A064ECC2531157900C9F23D /* MainTabView */,
			);
			path = View;
			sourceTree = "<group>";
		};
		1A5836B1252CCD7800CB275F /* Controller */ = {
			isa = PBXGroup;
			children = (
				1A58367C252CCCE800CB275F /* ViewController.swift */,
				1A06505E2531F24700C9F23D /* SwipeVCViewController.swift */,
				1A06505F2531F24700C9F23D /* SwipeVCViewController.xib */,
				1A0650FF25320C6000C9F23D /* LikeViewController.swift */,
				1A06510025320C6000C9F23D /* LikeViewController.xib */,
			);
			path = Controller;
			sourceTree = "<group>";
		};
		20F53DEC56E3C666F8F4435B /* Frameworks */ = {
			isa = PBXGroup;
			children = (
				336768726C6EAEA985BBB0BF /* Pods_ImageAppUnsplash.framework */,
				E9E15B51817263DEB4EAD190 /* libPods-ImageAppUnsplashTests.a */,
			);
			name = Frameworks;
			sourceTree = "<group>";
		};
		DE5C4EEB2C2723184E980115 /* Pods */ = {
			isa = PBXGroup;
			children = (
				4D1E8C78F3A74C4ED0F487CD /* Pods-ImageAppUnsplash.debug.xcconfig */,
				6BB97427418219D90F8EAD2A /* Pods-ImageAppUnsplash.release.xcconfig */,
				5D9EFBD738BA460DE5B4E976 /* Pods-ImageAppUnsplashTests.debug.xcconfig */,
				60F9611B71F66B571B0D0234 /* Pods-ImageAppUnsplashTests.release.xcconfig */,
				23621ABC60D5FC7FF0D0C20A /* Pods-ImageAppUnsplash-ImageAppUnsplashTests.debug.xcconfig */,
				F8B6DA5BA00AFDE20B6BDA74 /* Pods-ImageAppUnsplash-ImageAppUnsplashTests.release.xcconfig */,
			);
			path = Pods;
			sourceTree = "<group>";
		};
/* End PBXGroup section */

/* Begin PBXNativeTarget section */
		1A583674252CCCE800CB275F /* ImageAppUnsplash */ = {
			isa = PBXNativeTarget;
			buildConfigurationList = 1A58369F252CCCE900CB275F /* Build configuration list for PBXNativeTarget "ImageAppUnsplash" */;
			buildPhases = (
				D43FA289B520B45BFCE89E5A /* [CP] Check Pods Manifest.lock */,
				1A583671252CCCE800CB275F /* Sources */,
				1A583672252CCCE800CB275F /* Frameworks */,
				1A583673252CCCE800CB275F /* Resources */,
				9580C13A40412B18BD862558 /* [CP] Embed Pods Frameworks */,
			);
			buildRules = (
			);
			dependencies = (
			);
			name = ImageAppUnsplash;
			productName = ImageAppUnsplash;
			productReference = 1A583675252CCCE800CB275F /* ImageAppUnsplash.app */;
			productType = "com.apple.product-type.application";
		};
		1A58368A252CCCE900CB275F /* ImageAppUnsplashTests */ = {
			isa = PBXNativeTarget;
			buildConfigurationList = 1A5836A2252CCCE900CB275F /* Build configuration list for PBXNativeTarget "ImageAppUnsplashTests" */;
			buildPhases = (
				C35D877D8793EC1ABE695AFD /* [CP] Check Pods Manifest.lock */,
				1A583687252CCCE900CB275F /* Sources */,
				1A583688252CCCE900CB275F /* Frameworks */,
				1A583689252CCCE900CB275F /* Resources */,
				95FD77DA5DD5E07519DFA683 /* [CP] Copy Pods Resources */,
			);
			buildRules = (
			);
			dependencies = (
				1A58368D252CCCE900CB275F /* PBXTargetDependency */,
			);
			name = ImageAppUnsplashTests;
			productName = ImageAppUnsplashTests;
			productReference = 1A58368B252CCCE900CB275F /* ImageAppUnsplashTests.xctest */;
			productType = "com.apple.product-type.bundle.unit-test";
		};
		1A583695252CCCE900CB275F /* ImageAppUnsplashUITests */ = {
			isa = PBXNativeTarget;
			buildConfigurationList = 1A5836A5252CCCE900CB275F /* Build configuration list for PBXNativeTarget "ImageAppUnsplashUITests" */;
			buildPhases = (
				1A583692252CCCE900CB275F /* Sources */,
				1A583693252CCCE900CB275F /* Frameworks */,
				1A583694252CCCE900CB275F /* Resources */,
			);
			buildRules = (
			);
			dependencies = (
				1A583698252CCCE900CB275F /* PBXTargetDependency */,
			);
			name = ImageAppUnsplashUITests;
			productName = ImageAppUnsplashUITests;
			productReference = 1A583696252CCCE900CB275F /* ImageAppUnsplashUITests.xctest */;
			productType = "com.apple.product-type.bundle.ui-testing";
		};
/* End PBXNativeTarget section */

/* Begin PBXProject section */
		1A58366D252CCCE800CB275F /* Project object */ = {
			isa = PBXProject;
			attributes = {
				LastSwiftUpdateCheck = 1200;
				LastUpgradeCheck = 1200;
				TargetAttributes = {
					1A583674252CCCE800CB275F = {
						CreatedOnToolsVersion = 12.0.1;
					};
					1A58368A252CCCE900CB275F = {
						CreatedOnToolsVersion = 12.0.1;
						TestTargetID = 1A583674252CCCE800CB275F;
					};
					1A583695252CCCE900CB275F = {
						CreatedOnToolsVersion = 12.0.1;
						TestTargetID = 1A583674252CCCE800CB275F;
					};
				};
			};
			buildConfigurationList = 1A583670252CCCE800CB275F /* Build configuration list for PBXProject "ImageAppUnsplash" */;
			compatibilityVersion = "Xcode 9.3";
			developmentRegion = en;
			hasScannedForEncodings = 0;
			knownRegions = (
				en,
				Base,
			);
			mainGroup = 1A58366C252CCCE800CB275F;
			productRefGroup = 1A583676252CCCE800CB275F /* Products */;
			projectDirPath = "";
			projectRoot = "";
			targets = (
				1A583674252CCCE800CB275F /* ImageAppUnsplash */,
				1A58368A252CCCE900CB275F /* ImageAppUnsplashTests */,
				1A583695252CCCE900CB275F /* ImageAppUnsplashUITests */,
			);
		};
/* End PBXProject section */

/* Begin PBXResourcesBuildPhase section */
		1A583673252CCCE800CB275F /* Resources */ = {
			isa = PBXResourcesBuildPhase;
			buildActionMask = 2147483647;
			files = (
				1A0650F325320A5500C9F23D /* LikeImagesCell.xib in Resources */,
				1A583685252CCCE900CB275F /* LaunchScreen.storyboard in Resources */,
				1A064E3F2530AB0100C9F23D /* GoogleService-Info.plist in Resources */,
				1A06510225320C6000C9F23D /* LikeViewController.xib in Resources */,
				1A583682252CCCE900CB275F /* Assets.xcassets in Resources */,
				1A583680252CCCE800CB275F /* Main.storyboard in Resources */,
				1A0650612531F24700C9F23D /* SwipeVCViewController.xib in Resources */,
			);
			runOnlyForDeploymentPostprocessing = 0;
		};
		1A583689252CCCE900CB275F /* Resources */ = {
			isa = PBXResourcesBuildPhase;
			buildActionMask = 2147483647;
			files = (
			);
			runOnlyForDeploymentPostprocessing = 0;
		};
		1A583694252CCCE900CB275F /* Resources */ = {
			isa = PBXResourcesBuildPhase;
			buildActionMask = 2147483647;
			files = (
			);
			runOnlyForDeploymentPostprocessing = 0;
		};
/* End PBXResourcesBuildPhase section */

/* Begin PBXShellScriptBuildPhase section */
		9580C13A40412B18BD862558 /* [CP] Embed Pods Frameworks */ = {
			isa = PBXShellScriptBuildPhase;
			buildActionMask = 2147483647;
			files = (
			);
			inputFileListPaths = (
				"${PODS_ROOT}/Target Support Files/Pods-ImageAppUnsplash/Pods-ImageAppUnsplash-frameworks-${CONFIGURATION}-input-files.xcfilelist",
			);
			name = "[CP] Embed Pods Frameworks";
			outputFileListPaths = (
				"${PODS_ROOT}/Target Support Files/Pods-ImageAppUnsplash/Pods-ImageAppUnsplash-frameworks-${CONFIGURATION}-output-files.xcfilelist",
			);
			runOnlyForDeploymentPostprocessing = 0;
			shellPath = /bin/sh;
			shellScript = "\"${PODS_ROOT}/Target Support Files/Pods-ImageAppUnsplash/Pods-ImageAppUnsplash-frameworks.sh\"\n";
			showEnvVarsInLog = 0;
		};
		95FD77DA5DD5E07519DFA683 /* [CP] Copy Pods Resources */ = {
			isa = PBXShellScriptBuildPhase;
			buildActionMask = 2147483647;
			files = (
			);
			inputFileListPaths = (
				"${PODS_ROOT}/Target Support Files/Pods-ImageAppUnsplashTests/Pods-ImageAppUnsplashTests-resources-${CONFIGURATION}-input-files.xcfilelist",
			);
			name = "[CP] Copy Pods Resources";
			outputFileListPaths = (
				"${PODS_ROOT}/Target Support Files/Pods-ImageAppUnsplashTests/Pods-ImageAppUnsplashTests-resources-${CONFIGURATION}-output-files.xcfilelist",
			);
			runOnlyForDeploymentPostprocessing = 0;
			shellPath = /bin/sh;
			shellScript = "\"${PODS_ROOT}/Target Support Files/Pods-ImageAppUnsplashTests/Pods-ImageAppUnsplashTests-resources.sh\"\n";
			showEnvVarsInLog = 0;
		};
		C35D877D8793EC1ABE695AFD /* [CP] Check Pods Manifest.lock */ = {
			isa = PBXShellScriptBuildPhase;
			buildActionMask = 2147483647;
			files = (
			);
			inputFileListPaths = (
			);
			inputPaths = (
				"${PODS_PODFILE_DIR_PATH}/Podfile.lock",
				"${PODS_ROOT}/Manifest.lock",
			);
			name = "[CP] Check Pods Manifest.lock";
			outputFileListPaths = (
			);
			outputPaths = (
				"$(DERIVED_FILE_DIR)/Pods-ImageAppUnsplashTests-checkManifestLockResult.txt",
			);
			runOnlyForDeploymentPostprocessing = 0;
			shellPath = /bin/sh;
			shellScript = "diff \"${PODS_PODFILE_DIR_PATH}/Podfile.lock\" \"${PODS_ROOT}/Manifest.lock\" > /dev/null\nif [ $? != 0 ] ; then\n    # print error to STDERR\n    echo \"error: The sandbox is not in sync with the Podfile.lock. Run 'pod install' or update your CocoaPods installation.\" >&2\n    exit 1\nfi\n# This output is used by Xcode 'outputs' to avoid re-running this script phase.\necho \"SUCCESS\" > \"${SCRIPT_OUTPUT_FILE_0}\"\n";
			showEnvVarsInLog = 0;
		};
		D43FA289B520B45BFCE89E5A /* [CP] Check Pods Manifest.lock */ = {
			isa = PBXShellScriptBuildPhase;
			buildActionMask = 2147483647;
			files = (
			);
			inputFileListPaths = (
			);
			inputPaths = (
				"${PODS_PODFILE_DIR_PATH}/Podfile.lock",
				"${PODS_ROOT}/Manifest.lock",
			);
			name = "[CP] Check Pods Manifest.lock";
			outputFileListPaths = (
			);
			outputPaths = (
				"$(DERIVED_FILE_DIR)/Pods-ImageAppUnsplash-checkManifestLockResult.txt",
			);
			runOnlyForDeploymentPostprocessing = 0;
			shellPath = /bin/sh;
			shellScript = "diff \"${PODS_PODFILE_DIR_PATH}/Podfile.lock\" \"${PODS_ROOT}/Manifest.lock\" > /dev/null\nif [ $? != 0 ] ; then\n    # print error to STDERR\n    echo \"error: The sandbox is not in sync with the Podfile.lock. Run 'pod install' or update your CocoaPods installation.\" >&2\n    exit 1\nfi\n# This output is used by Xcode 'outputs' to avoid re-running this script phase.\necho \"SUCCESS\" > \"${SCRIPT_OUTPUT_FILE_0}\"\n";
			showEnvVarsInLog = 0;
		};
/* End PBXShellScriptBuildPhase section */

/* Begin PBXSourcesBuildPhase section */
		1A583671252CCCE800CB275F /* Sources */ = {
			isa = PBXSourcesBuildPhase;
			buildActionMask = 2147483647;
			files = (
				1A064F4B2531360900C9F23D /* LikeImagesViewModel.swift in Sources */,
				1A0650602531F24700C9F23D /* SwipeVCViewController.swift in Sources */,
				1A58367D252CCCE800CB275F /* ViewController.swift in Sources */,
				1A064F842531B9AB00C9F23D /* HttpClient.swift in Sources */,
				1A064EC52531137A00C9F23D /* BaseViewModel.swift in Sources */,
				1A064F462531359900C9F23D /* LikeImages.swift in Sources */,
				1A5836B8252CD0DB00CB275F /* ImageViewModel.swift in Sources */,
				1A064F7F2531B74300C9F23D /* HttpRouter.swift in Sources */,
				1A583679252CCCE800CB275F /* AppDelegate.swift in Sources */,
				1A064F772531B23B00C9F23D /* LikeImagesCell.swift in Sources */,
				1A064EC02530FF4100C9F23D /* Constants.swift in Sources */,
				1A58367B252CCCE800CB275F /* SceneDelegate.swift in Sources */,
				1A064DC6252DFB5300C9F23D /* ImageMainViewPager.swift in Sources */,
				1A5836B3252CD0A900CB275F /* ImagesModel.swift in Sources */,
				1A064DBF252DF52900C9F23D /* LoginViewModel.swift in Sources */,
				1A06510125320C6000C9F23D /* LikeViewController.swift in Sources */,
			);
			runOnlyForDeploymentPostprocessing = 0;
		};
		1A583687252CCCE900CB275F /* Sources */ = {
			isa = PBXSourcesBuildPhase;
			buildActionMask = 2147483647;
			files = (
				1A583690252CCCE900CB275F /* ImageAppUnsplashTests.swift in Sources */,
			);
			runOnlyForDeploymentPostprocessing = 0;
		};
		1A583692252CCCE900CB275F /* Sources */ = {
			isa = PBXSourcesBuildPhase;
			buildActionMask = 2147483647;
			files = (
				1A58369B252CCCE900CB275F /* ImageAppUnsplashUITests.swift in Sources */,
			);
			runOnlyForDeploymentPostprocessing = 0;
		};
/* End PBXSourcesBuildPhase section */

/* Begin PBXTargetDependency section */
		1A58368D252CCCE900CB275F /* PBXTargetDependency */ = {
			isa = PBXTargetDependency;
			target = 1A583674252CCCE800CB275F /* ImageAppUnsplash */;
			targetProxy = 1A58368C252CCCE900CB275F /* PBXContainerItemProxy */;
		};
		1A583698252CCCE900CB275F /* PBXTargetDependency */ = {
			isa = PBXTargetDependency;
			target = 1A583674252CCCE800CB275F /* ImageAppUnsplash */;
			targetProxy = 1A583697252CCCE900CB275F /* PBXContainerItemProxy */;
		};
/* End PBXTargetDependency section */

/* Begin PBXVariantGroup section */
		1A58367E252CCCE800CB275F /* Main.storyboard */ = {
			isa = PBXVariantGroup;
			children = (
				1A58367F252CCCE800CB275F /* Base */,
			);
			name = Main.storyboard;
			sourceTree = "<group>";
		};
		1A583683252CCCE900CB275F /* LaunchScreen.storyboard */ = {
			isa = PBXVariantGroup;
			children = (
				1A583684252CCCE900CB275F /* Base */,
			);
			name = LaunchScreen.storyboard;
			sourceTree = "<group>";
		};
/* End PBXVariantGroup section */

/* Begin XCBuildConfiguration section */
		1A58369D252CCCE900CB275F /* Debug */ = {
			isa = XCBuildConfiguration;
			buildSettings = {
				ALWAYS_SEARCH_USER_PATHS = NO;
				CLANG_ANALYZER_NONNULL = YES;
				CLANG_ANALYZER_NUMBER_OBJECT_CONVERSION = YES_AGGRESSIVE;
				CLANG_CXX_LANGUAGE_STANDARD = "gnu++14";
				CLANG_CXX_LIBRARY = "libc++";
				CLANG_ENABLE_MODULES = YES;
				CLANG_ENABLE_OBJC_ARC = YES;
				CLANG_ENABLE_OBJC_WEAK = YES;
				CLANG_WARN_BLOCK_CAPTURE_AUTORELEASING = YES;
				CLANG_WARN_BOOL_CONVERSION = YES;
				CLANG_WARN_COMMA = YES;
				CLANG_WARN_CONSTANT_CONVERSION = YES;
				CLANG_WARN_DEPRECATED_OBJC_IMPLEMENTATIONS = YES;
				CLANG_WARN_DIRECT_OBJC_ISA_USAGE = YES_ERROR;
				CLANG_WARN_DOCUMENTATION_COMMENTS = YES;
				CLANG_WARN_EMPTY_BODY = YES;
				CLANG_WARN_ENUM_CONVERSION = YES;
				CLANG_WARN_INFINITE_RECURSION = YES;
				CLANG_WARN_INT_CONVERSION = YES;
				CLANG_WARN_NON_LITERAL_NULL_CONVERSION = YES;
				CLANG_WARN_OBJC_IMPLICIT_RETAIN_SELF = YES;
				CLANG_WARN_OBJC_LITERAL_CONVERSION = YES;
				CLANG_WARN_OBJC_ROOT_CLASS = YES_ERROR;
				CLANG_WARN_QUOTED_INCLUDE_IN_FRAMEWORK_HEADER = YES;
				CLANG_WARN_RANGE_LOOP_ANALYSIS = YES;
				CLANG_WARN_STRICT_PROTOTYPES = YES;
				CLANG_WARN_SUSPICIOUS_MOVE = YES;
				CLANG_WARN_UNGUARDED_AVAILABILITY = YES_AGGRESSIVE;
				CLANG_WARN_UNREACHABLE_CODE = YES;
				CLANG_WARN__DUPLICATE_METHOD_MATCH = YES;
				COPY_PHASE_STRIP = NO;
				DEBUG_INFORMATION_FORMAT = dwarf;
				ENABLE_STRICT_OBJC_MSGSEND = YES;
				ENABLE_TESTABILITY = YES;
				GCC_C_LANGUAGE_STANDARD = gnu11;
				GCC_DYNAMIC_NO_PIC = NO;
				GCC_NO_COMMON_BLOCKS = YES;
				GCC_OPTIMIZATION_LEVEL = 0;
				GCC_PREPROCESSOR_DEFINITIONS = (
					"DEBUG=1",
					"$(inherited)",
				);
				GCC_WARN_64_TO_32_BIT_CONVERSION = YES;
				GCC_WARN_ABOUT_RETURN_TYPE = YES_ERROR;
				GCC_WARN_UNDECLARED_SELECTOR = YES;
				GCC_WARN_UNINITIALIZED_AUTOS = YES_AGGRESSIVE;
				GCC_WARN_UNUSED_FUNCTION = YES;
				GCC_WARN_UNUSED_VARIABLE = YES;
				IPHONEOS_DEPLOYMENT_TARGET = 14.0;
				MTL_ENABLE_DEBUG_INFO = INCLUDE_SOURCE;
				MTL_FAST_MATH = YES;
				ONLY_ACTIVE_ARCH = YES;
				SDKROOT = iphoneos;
				SWIFT_ACTIVE_COMPILATION_CONDITIONS = DEBUG;
				SWIFT_OPTIMIZATION_LEVEL = "-Onone";
			};
			name = Debug;
		};
		1A58369E252CCCE900CB275F /* Release */ = {
			isa = XCBuildConfiguration;
			buildSettings = {
				ALWAYS_SEARCH_USER_PATHS = NO;
				CLANG_ANALYZER_NONNULL = YES;
				CLANG_ANALYZER_NUMBER_OBJECT_CONVERSION = YES_AGGRESSIVE;
				CLANG_CXX_LANGUAGE_STANDARD = "gnu++14";
				CLANG_CXX_LIBRARY = "libc++";
				CLANG_ENABLE_MODULES = YES;
				CLANG_ENABLE_OBJC_ARC = YES;
				CLANG_ENABLE_OBJC_WEAK = YES;
				CLANG_WARN_BLOCK_CAPTURE_AUTORELEASING = YES;
				CLANG_WARN_BOOL_CONVERSION = YES;
				CLANG_WARN_COMMA = YES;
				CLANG_WARN_CONSTANT_CONVERSION = YES;
				CLANG_WARN_DEPRECATED_OBJC_IMPLEMENTATIONS = YES;
				CLANG_WARN_DIRECT_OBJC_ISA_USAGE = YES_ERROR;
				CLANG_WARN_DOCUMENTATION_COMMENTS = YES;
				CLANG_WARN_EMPTY_BODY = YES;
				CLANG_WARN_ENUM_CONVERSION = YES;
				CLANG_WARN_INFINITE_RECURSION = YES;
				CLANG_WARN_INT_CONVERSION = YES;
				CLANG_WARN_NON_LITERAL_NULL_CONVERSION = YES;
				CLANG_WARN_OBJC_IMPLICIT_RETAIN_SELF = YES;
				CLANG_WARN_OBJC_LITERAL_CONVERSION = YES;
				CLANG_WARN_OBJC_ROOT_CLASS = YES_ERROR;
				CLANG_WARN_QUOTED_INCLUDE_IN_FRAMEWORK_HEADER = YES;
				CLANG_WARN_RANGE_LOOP_ANALYSIS = YES;
				CLANG_WARN_STRICT_PROTOTYPES = YES;
				CLANG_WARN_SUSPICIOUS_MOVE = YES;
				CLANG_WARN_UNGUARDED_AVAILABILITY = YES_AGGRESSIVE;
				CLANG_WARN_UNREACHABLE_CODE = YES;
				CLANG_WARN__DUPLICATE_METHOD_MATCH = YES;
				COPY_PHASE_STRIP = NO;
				DEBUG_INFORMATION_FORMAT = "dwarf-with-dsym";
				ENABLE_NS_ASSERTIONS = NO;
				ENABLE_STRICT_OBJC_MSGSEND = YES;
				GCC_C_LANGUAGE_STANDARD = gnu11;
				GCC_NO_COMMON_BLOCKS = YES;
				GCC_WARN_64_TO_32_BIT_CONVERSION = YES;
				GCC_WARN_ABOUT_RETURN_TYPE = YES_ERROR;
				GCC_WARN_UNDECLARED_SELECTOR = YES;
				GCC_WARN_UNINITIALIZED_AUTOS = YES_AGGRESSIVE;
				GCC_WARN_UNUSED_FUNCTION = YES;
				GCC_WARN_UNUSED_VARIABLE = YES;
				IPHONEOS_DEPLOYMENT_TARGET = 14.0;
				MTL_ENABLE_DEBUG_INFO = NO;
				MTL_FAST_MATH = YES;
				SDKROOT = iphoneos;
				SWIFT_COMPILATION_MODE = wholemodule;
				SWIFT_OPTIMIZATION_LEVEL = "-O";
				VALIDATE_PRODUCT = YES;
			};
			name = Release;
		};
		1A5836A0252CCCE900CB275F /* Debug */ = {
			isa = XCBuildConfiguration;
			baseConfigurationReference = 4D1E8C78F3A74C4ED0F487CD /* Pods-ImageAppUnsplash.debug.xcconfig */;
			buildSettings = {
				ASSETCATALOG_COMPILER_APPICON_NAME = AppIcon;
				ASSETCATALOG_COMPILER_GLOBAL_ACCENT_COLOR_NAME = AccentColor;
				CODE_SIGN_STYLE = Automatic;
				INFOPLIST_FILE = ImageAppUnsplash/Info.plist;
				LD_RUNPATH_SEARCH_PATHS = (
					"$(inherited)",
					"@executable_path/Frameworks",
				);
				PRODUCT_BUNDLE_IDENTIFIER = "Abdul-chaudhary.ImageAppUnsplash";
				PRODUCT_NAME = "$(TARGET_NAME)";
				SWIFT_VERSION = 5.0;
				TARGETED_DEVICE_FAMILY = "1,2";
			};
			name = Debug;
		};
		1A5836A1252CCCE900CB275F /* Release */ = {
			isa = XCBuildConfiguration;
			baseConfigurationReference = 6BB97427418219D90F8EAD2A /* Pods-ImageAppUnsplash.release.xcconfig */;
			buildSettings = {
				ASSETCATALOG_COMPILER_APPICON_NAME = AppIcon;
				ASSETCATALOG_COMPILER_GLOBAL_ACCENT_COLOR_NAME = AccentColor;
				CODE_SIGN_STYLE = Automatic;
				INFOPLIST_FILE = ImageAppUnsplash/Info.plist;
				LD_RUNPATH_SEARCH_PATHS = (
					"$(inherited)",
					"@executable_path/Frameworks",
				);
				PRODUCT_BUNDLE_IDENTIFIER = "Abdul-chaudhary.ImageAppUnsplash";
				PRODUCT_NAME = "$(TARGET_NAME)";
				SWIFT_VERSION = 5.0;
				TARGETED_DEVICE_FAMILY = "1,2";
			};
			name = Release;
		};
		1A5836A3252CCCE900CB275F /* Debug */ = {
			isa = XCBuildConfiguration;
			baseConfigurationReference = 5D9EFBD738BA460DE5B4E976 /* Pods-ImageAppUnsplashTests.debug.xcconfig */;
			buildSettings = {
				ALWAYS_EMBED_SWIFT_STANDARD_LIBRARIES = YES;
				BUNDLE_LOADER = "$(TEST_HOST)";
				CODE_SIGN_STYLE = Automatic;
				INFOPLIST_FILE = ImageAppUnsplashTests/Info.plist;
				IPHONEOS_DEPLOYMENT_TARGET = 14.0;
				LD_RUNPATH_SEARCH_PATHS = (
					"$(inherited)",
					"@executable_path/Frameworks",
					"@loader_path/Frameworks",
				);
				PRODUCT_BUNDLE_IDENTIFIER = "Abdul-chaudhary.ImageAppUnsplashTests";
				PRODUCT_NAME = "$(TARGET_NAME)";
				SWIFT_VERSION = 5.0;
				TARGETED_DEVICE_FAMILY = "1,2";
				TEST_HOST = "$(BUILT_PRODUCTS_DIR)/ImageAppUnsplash.app/ImageAppUnsplash";
			};
			name = Debug;
		};
		1A5836A4252CCCE900CB275F /* Release */ = {
			isa = XCBuildConfiguration;
			baseConfigurationReference = 60F9611B71F66B571B0D0234 /* Pods-ImageAppUnsplashTests.release.xcconfig */;
			buildSettings = {
				ALWAYS_EMBED_SWIFT_STANDARD_LIBRARIES = YES;
				BUNDLE_LOADER = "$(TEST_HOST)";
				CODE_SIGN_STYLE = Automatic;
				INFOPLIST_FILE = ImageAppUnsplashTests/Info.plist;
				IPHONEOS_DEPLOYMENT_TARGET = 14.0;
				LD_RUNPATH_SEARCH_PATHS = (
					"$(inherited)",
					"@executable_path/Frameworks",
					"@loader_path/Frameworks",
				);
				PRODUCT_BUNDLE_IDENTIFIER = "Abdul-chaudhary.ImageAppUnsplashTests";
				PRODUCT_NAME = "$(TARGET_NAME)";
				SWIFT_VERSION = 5.0;
				TARGETED_DEVICE_FAMILY = "1,2";
				TEST_HOST = "$(BUILT_PRODUCTS_DIR)/ImageAppUnsplash.app/ImageAppUnsplash";
			};
			name = Release;
		};
		1A5836A6252CCCE900CB275F /* Debug */ = {
			isa = XCBuildConfiguration;
			buildSettings = {
				ALWAYS_EMBED_SWIFT_STANDARD_LIBRARIES = YES;
				CODE_SIGN_STYLE = Automatic;
				INFOPLIST_FILE = ImageAppUnsplashUITests/Info.plist;
				LD_RUNPATH_SEARCH_PATHS = (
					"$(inherited)",
					"@executable_path/Frameworks",
					"@loader_path/Frameworks",
				);
				PRODUCT_BUNDLE_IDENTIFIER = "Abdul-chaudhary.ImageAppUnsplashUITests";
				PRODUCT_NAME = "$(TARGET_NAME)";
				SWIFT_VERSION = 5.0;
				TARGETED_DEVICE_FAMILY = "1,2";
				TEST_TARGET_NAME = ImageAppUnsplash;
			};
			name = Debug;
		};
		1A5836A7252CCCE900CB275F /* Release */ = {
			isa = XCBuildConfiguration;
			buildSettings = {
				ALWAYS_EMBED_SWIFT_STANDARD_LIBRARIES = YES;
				CODE_SIGN_STYLE = Automatic;
				INFOPLIST_FILE = ImageAppUnsplashUITests/Info.plist;
				LD_RUNPATH_SEARCH_PATHS = (
					"$(inherited)",
					"@executable_path/Frameworks",
					"@loader_path/Frameworks",
				);
				PRODUCT_BUNDLE_IDENTIFIER = "Abdul-chaudhary.ImageAppUnsplashUITests";
				PRODUCT_NAME = "$(TARGET_NAME)";
				SWIFT_VERSION = 5.0;
				TARGETED_DEVICE_FAMILY = "1,2";
				TEST_TARGET_NAME = ImageAppUnsplash;
			};
			name = Release;
		};
/* End XCBuildConfiguration section */

/* Begin XCConfigurationList section */
		1A583670252CCCE800CB275F /* Build configuration list for PBXProject "ImageAppUnsplash" */ = {
			isa = XCConfigurationList;
			buildConfigurations = (
				1A58369D252CCCE900CB275F /* Debug */,
				1A58369E252CCCE900CB275F /* Release */,
			);
			defaultConfigurationIsVisible = 0;
			defaultConfigurationName = Release;
		};
		1A58369F252CCCE900CB275F /* Build configuration list for PBXNativeTarget "ImageAppUnsplash" */ = {
			isa = XCConfigurationList;
			buildConfigurations = (
				1A5836A0252CCCE900CB275F /* Debug */,
				1A5836A1252CCCE900CB275F /* Release */,
			);
			defaultConfigurationIsVisible = 0;
			defaultConfigurationName = Release;
		};
		1A5836A2252CCCE900CB275F /* Build configuration list for PBXNativeTarget "ImageAppUnsplashTests" */ = {
			isa = XCConfigurationList;
			buildConfigurations = (
				1A5836A3252CCCE900CB275F /* Debug */,
				1A5836A4252CCCE900CB275F /* Release */,
			);
			defaultConfigurationIsVisible = 0;
			defaultConfigurationName = Release;
		};
		1A5836A5252CCCE900CB275F /* Build configuration list for PBXNativeTarget "ImageAppUnsplashUITests" */ = {
			isa = XCConfigurationList;
			buildConfigurations = (
				1A5836A6252CCCE900CB275F /* Debug */,
				1A5836A7252CCCE900CB275F /* Release */,
			);
			defaultConfigurationIsVisible = 0;
			defaultConfigurationName = Release;
		};
/* End XCConfigurationList section */
	};
	rootObject = 1A58366D252CCCE800CB275F /* Project object */;
}
